github.com/Murilinho145SG/gouter v1.2.10 h1:l/q5eJHu00/hbOYHWS14aAB6CrLcXoqstgpGpnJ9nJE=
github.com/Murilinho145SG/gouter v1.2.10/go.mod h1:P2+Oy7qYxYAaKtKK4W6LTLBTi7xDOvHDoJRr3LPAqjk=
github.com/gorilla/websocket v1.5.3 h1:saDtZ6Pbx/0u+bgYQ3q96pZgCzfhKXGPqt7kZ72aNNg=
github.com/gorilla/websocket v1.5.3/go.mod h1:YR8l580nyteQvAITg2hZ9XVh4b55+EU/adAjf1fMHhE=
